Microsoft Visual Studio Solution File, Format Version 9.00
# Visual C++ Express 2005
Project("{8BC9CEB8-8B4A-11D0-8D11-00A0C91BC942}") = "tools_win32", "tools_win32.tools_win32.vcproj", "{BBDF58AF-3F43-42DD-8976-80AE63526046}"
	ProjectSection(ProjectDependencies) = postProject
		{E4F14AF3-DD3B-4A4D-B076-EA584927A17C} = {E4F14AF3-DD3B-4A4D-B076-EA584927A17C}
		{B6B9C8EE-2593-4C6B-8CA4-16540552FC68} = {B6B9C8EE-2593-4C6B-8CA4-16540552FC68}
		{506359C3-EAFC-475B-A048-2D7FAC6ACD2E} = {506359C3-EAFC-475B-A048-2D7FAC6ACD2E}
		{45EF3684-7164-40D2-A258-A88200206C1C} = {45EF3684-7164-40D2-A258-A88200206C1C}
		{F983A17F-4907-4255-959C-40711D3DE470} = {F983A17F-4907-4255-959C-40711D3DE470}
		{1795EC7D-3B40-4555-95F7-F958B932E9AD} = {1795EC7D-3B40-4555-95F7-F958B932E9AD}
		{6B8CCD1E-79B7-4711-B598-EFC7725C4714} = {6B8CCD1E-79B7-4711-B598-EFC7725C4714}
		{EC823613-F60B-4AC4-AD29-F4B4E23EFFD8} = {EC823613-F60B-4AC4-AD29-F4B4E23EFFD8}
	EndProjectSection
EndProject
Project("{8BC9CEB8-8B4A-11D0-8D11-00A0C91BC942}") = "testserver", "tools_win32.testserver.vcproj", "{1795EC7D-3B40-4555-95F7-F958B932E9AD}"
EndProject
Project("{8BC9CEB8-8B4A-11D0-8D11-00A0C91BC942}") = "testclient", "tools_win32.testclient.vcproj", "{45EF3684-7164-40D2-A258-A88200206C1C}"
EndProject
Project("{8BC9CEB8-8B4A-11D0-8D11-00A0C91BC942}") = "nsh3", "tools_win32.nsh3.vcproj", "{EC823613-F60B-4AC4-AD29-F4B4E23EFFD8}"
EndProject
Project("{8BC9CEB8-8B4A-11D0-8D11-00A0C91BC942}") = "nsc3", "tools_win32.nsc3.vcproj", "{F983A17F-4907-4255-959C-40711D3DE470}"
EndProject
Project("{8BC9CEB8-8B4A-11D0-8D11-00A0C91BC942}") = "nviewer3", "tools_win32.nviewer3.vcproj", "{B6B9C8EE-2593-4C6B-8CA4-16540552FC68}"
EndProject
Project("{8BC9CEB8-8B4A-11D0-8D11-00A0C91BC942}") = "testviewer", "tools_win32.testviewer.vcproj", "{E4F14AF3-DD3B-4A4D-B076-EA584927A17C}"
	ProjectSection(ProjectDependencies) = postProject
		{0B6D2FDD-ECB8-4649-A361-79938428CDFA} = {0B6D2FDD-ECB8-4649-A361-79938428CDFA}
	EndProjectSection
EndProject
Project("{8BC9CEB8-8B4A-11D0-8D11-00A0C91BC942}") = "testgame", "tools_win32.testgame.vcproj", "{506359C3-EAFC-475B-A048-2D7FAC6ACD2E}"
	ProjectSection(ProjectDependencies) = postProject
		{DC03E1FE-24C0-4CAF-8253-F0EBE2CAF458} = {DC03E1FE-24C0-4CAF-8253-F0EBE2CAF458}
		{D29B39F7-CC77-4FCF-B348-814CCDADE8A4} = {D29B39F7-CC77-4FCF-B348-814CCDADE8A4}
		{870DF0E6-6853-4FC3-AED5-1AD200A59BC4} = {870DF0E6-6853-4FC3-AED5-1AD200A59BC4}
		{0B6D2FDD-ECB8-4649-A361-79938428CDFA} = {0B6D2FDD-ECB8-4649-A361-79938428CDFA}
		{3666B1DA-F69C-4E79-8AD7-1EC1673DEE52} = {3666B1DA-F69C-4E79-8AD7-1EC1673DEE52}
		{E2705FD5-6D31-4540-8352-6974059959A9} = {E2705FD5-6D31-4540-8352-6974059959A9}
		{1D3541CF-4D46-4FBE-8777-95DA86BD4985} = {1D3541CF-4D46-4FBE-8777-95DA86BD4985}
		{C85DF2CE-2DCD-4D80-9095-535F94F1E6BC} = {C85DF2CE-2DCD-4D80-9095-535F94F1E6BC}
		{D6622FC6-989F-495D-B94C-C3C218187BAC} = {D6622FC6-989F-495D-B94C-C3C218187BAC}
		{47741A76-F2E1-4403-8643-AD92F8486A90} = {47741A76-F2E1-4403-8643-AD92F8486A90}
		{D24B944D-D6AD-4D99-9AE8-37FE6BBFFEFD} = {D24B944D-D6AD-4D99-9AE8-37FE6BBFFEFD}
		{42C44747-0502-4B11-A35C-FB0AB6186550} = {42C44747-0502-4B11-A35C-FB0AB6186550}
		{6D4FBE12-3B5E-4BE7-A20A-59FEA6698E2B} = {6D4FBE12-3B5E-4BE7-A20A-59FEA6698E2B}
	EndProjectSection
EndProject
Project("{8BC9CEB8-8B4A-11D0-8D11-00A0C91BC942}") = "testasyncviewer", "tools_win32.testasyncviewer.vcproj", "{6B8CCD1E-79B7-4711-B598-EFC7725C4714}"
EndProject
Project("{8BC9CEB8-8B4A-11D0-8D11-00A0C91BC942}") = "ddslib_win32", "extlibs_win32.dds_win32.vcproj", "{42C44747-0502-4B11-A35C-FB0AB6186550}"
EndProject
Project("{8BC9CEB8-8B4A-11D0-8D11-00A0C91BC942}") = "mpq_win32", "extlibs_win32.mpq_win32.vcproj", "{1D3541CF-4D46-4FBE-8777-95DA86BD4985}"
EndProject
Project("{8BC9CEB8-8B4A-11D0-8D11-00A0C91BC942}") = "db_win32", "addons_win32.db_win32.vcproj", "{47741A76-F2E1-4403-8643-AD92F8486A90}"
EndProject
Project("{8BC9CEB8-8B4A-11D0-8D11-00A0C91BC942}") = "nebula2_win32", "addons_win32.nebula2_win32.vcproj", "{6D4FBE12-3B5E-4BE7-A20A-59FEA6698E2B}"
EndProject
Project("{8BC9CEB8-8B4A-11D0-8D11-00A0C91BC942}") = "physics_win32", "addons_win32.physics_win32.vcproj", "{D24B944D-D6AD-4D99-9AE8-37FE6BBFFEFD}"
EndProject
Project("{8BC9CEB8-8B4A-11D0-8D11-00A0C91BC942}") = "application_win32", "application_win32.application_win32.vcproj", "{DC03E1FE-24C0-4CAF-8253-F0EBE2CAF458}"
EndProject
Project("{8BC9CEB8-8B4A-11D0-8D11-00A0C91BC942}") = "gimpact_win32", "extlibs_win32.gimpact_win32.vcproj", "{C85DF2CE-2DCD-4D80-9095-535F94F1E6BC}"
EndProject
Project("{8BC9CEB8-8B4A-11D0-8D11-00A0C91BC942}") = "lua_win32", "extlibs_win32.lua_win32.vcproj", "{3666B1DA-F69C-4E79-8AD7-1EC1673DEE52}"
EndProject
Project("{8BC9CEB8-8B4A-11D0-8D11-00A0C91BC942}") = "ode_win32", "extlibs_win32.ode_win32.vcproj", "{D29B39F7-CC77-4FCF-B348-814CCDADE8A4}"
EndProject
Project("{8BC9CEB8-8B4A-11D0-8D11-00A0C91BC942}") = "opcode_win32", "extlibs_win32.opcode_win32.vcproj", "{E2705FD5-6D31-4540-8352-6974059959A9}"
EndProject
Project("{8BC9CEB8-8B4A-11D0-8D11-00A0C91BC942}") = "sqlite_win32", "extlibs_win32.sqlite_win32.vcproj", "{D6622FC6-989F-495D-B94C-C3C218187BAC}"
EndProject
Project("{8BC9CEB8-8B4A-11D0-8D11-00A0C91BC942}") = "tinyxml_win32", "extlibs_win32.tinyxml_win32.vcproj", "{21071E84-86A4-428E-917F-4F5949F49AC8}"
EndProject
Project("{8BC9CEB8-8B4A-11D0-8D11-00A0C91BC942}") = "zlib_win32", "extlibs_win32.zlib_win32.vcproj", "{870DF0E6-6853-4FC3-AED5-1AD200A59BC4}"
EndProject
Project("{8BC9CEB8-8B4A-11D0-8D11-00A0C91BC942}") = "foundation_win32", "foundation_win32.foundation_win32.vcproj", "{644EFE92-A26C-40AB-B173-5E7B80E29EEF}"
EndProject
Project("{8BC9CEB8-8B4A-11D0-8D11-00A0C91BC942}") = "render_win32", "render_win32.render_win32.vcproj", "{0B6D2FDD-ECB8-4649-A361-79938428CDFA}"
EndProject
Global
	GlobalSection(SolutionConfigurationPlatforms) = preSolution
		Debug|Win32 = Debug|Win32
		Release|Win32 = Release|Win32
		ReleaseTest|Win32 = ReleaseTest|Win32
	EndGlobalSection
	GlobalSection(ProjectConfigurationPlatforms) = postSolution
		{BBDF58AF-3F43-42DD-8976-80AE63526046}.Debug|Win32.ActiveCfg = Debug|Win32
		{BBDF58AF-3F43-42DD-8976-80AE63526046}.Debug|Win32.Build.0 = Debug|Win32
		{BBDF58AF-3F43-42DD-8976-80AE63526046}.Release|Win32.ActiveCfg = Realse|Win32
		{BBDF58AF-3F43-42DD-8976-80AE63526046}.Release|Win32.Build.0 = Realse|Win32
		{BBDF58AF-3F43-42DD-8976-80AE63526046}.ReleaseTest|Win32.ActiveCfg = Release|Win32
		{BBDF58AF-3F43-42DD-8976-80AE63526046}.ReleaseTest|Win32.Build.0 = Release|Win32
		{1795EC7D-3B40-4555-95F7-F958B932E9AD}.Debug|Win32.ActiveCfg = Debug|Win32
		{1795EC7D-3B40-4555-95F7-F958B932E9AD}.Debug|Win32.Build.0 = Debug|Win32
		{1795EC7D-3B40-4555-95F7-F958B932E9AD}.Release|Win32.ActiveCfg = Realse|Win32
		{1795EC7D-3B40-4555-95F7-F958B932E9AD}.Release|Win32.Build.0 = Realse|Win32
		{1795EC7D-3B40-4555-95F7-F958B932E9AD}.ReleaseTest|Win32.ActiveCfg = Release|Win32
		{1795EC7D-3B40-4555-95F7-F958B932E9AD}.ReleaseTest|Win32.Build.0 = Release|Win32
		{45EF3684-7164-40D2-A258-A88200206C1C}.Debug|Win32.ActiveCfg = Debug|Win32
		{45EF3684-7164-40D2-A258-A88200206C1C}.Debug|Win32.Build.0 = Debug|Win32
		{45EF3684-7164-40D2-A258-A88200206C1C}.Release|Win32.ActiveCfg = Realse|Win32
		{45EF3684-7164-40D2-A258-A88200206C1C}.Release|Win32.Build.0 = Realse|Win32
		{45EF3684-7164-40D2-A258-A88200206C1C}.ReleaseTest|Win32.ActiveCfg = Release|Win32
		{45EF3684-7164-40D2-A258-A88200206C1C}.ReleaseTest|Win32.Build.0 = Release|Win32
		{EC823613-F60B-4AC4-AD29-F4B4E23EFFD8}.Debug|Win32.ActiveCfg = Debug|Win32
		{EC823613-F60B-4AC4-AD29-F4B4E23EFFD8}.Debug|Win32.Build.0 = Debug|Win32
		{EC823613-F60B-4AC4-AD29-F4B4E23EFFD8}.Release|Win32.ActiveCfg = Realse|Win32
		{EC823613-F60B-4AC4-AD29-F4B4E23EFFD8}.Release|Win32.Build.0 = Realse|Win32
		{EC823613-F60B-4AC4-AD29-F4B4E23EFFD8}.ReleaseTest|Win32.ActiveCfg = Release|Win32
		{EC823613-F60B-4AC4-AD29-F4B4E23EFFD8}.ReleaseTest|Win32.Build.0 = Release|Win32
		{F983A17F-4907-4255-959C-40711D3DE470}.Debug|Win32.ActiveCfg = Debug|Win32
		{F983A17F-4907-4255-959C-40711D3DE470}.Debug|Win32.Build.0 = Debug|Win32
		{F983A17F-4907-4255-959C-40711D3DE470}.Release|Win32.ActiveCfg = Realse|Win32
		{F983A17F-4907-4255-959C-40711D3DE470}.Release|Win32.Build.0 = Realse|Win32
		{F983A17F-4907-4255-959C-40711D3DE470}.ReleaseTest|Win32.ActiveCfg = Release|Win32
		{F983A17F-4907-4255-959C-40711D3DE470}.ReleaseTest|Win32.Build.0 = Release|Win32
		{B6B9C8EE-2593-4C6B-8CA4-16540552FC68}.Debug|Win32.ActiveCfg = Debug|Win32
		{B6B9C8EE-2593-4C6B-8CA4-16540552FC68}.Debug|Win32.Build.0 = Debug|Win32
		{B6B9C8EE-2593-4C6B-8CA4-16540552FC68}.Release|Win32.ActiveCfg = Realse|Win32
		{B6B9C8EE-2593-4C6B-8CA4-16540552FC68}.Release|Win32.Build.0 = Realse|Win32
		{B6B9C8EE-2593-4C6B-8CA4-16540552FC68}.ReleaseTest|Win32.ActiveCfg = Release|Win32
		{B6B9C8EE-2593-4C6B-8CA4-16540552FC68}.ReleaseTest|Win32.Build.0 = Release|Win32
		{E4F14AF3-DD3B-4A4D-B076-EA584927A17C}.Debug|Win32.ActiveCfg = Debug|Win32
		{E4F14AF3-DD3B-4A4D-B076-EA584927A17C}.Debug|Win32.Build.0 = Debug|Win32
		{E4F14AF3-DD3B-4A4D-B076-EA584927A17C}.Release|Win32.ActiveCfg = Realse|Win32
		{E4F14AF3-DD3B-4A4D-B076-EA584927A17C}.Release|Win32.Build.0 = Realse|Win32
		{E4F14AF3-DD3B-4A4D-B076-EA584927A17C}.ReleaseTest|Win32.ActiveCfg = Release|Win32
		{E4F14AF3-DD3B-4A4D-B076-EA584927A17C}.ReleaseTest|Win32.Build.0 = Release|Win32
		{506359C3-EAFC-475B-A048-2D7FAC6ACD2E}.Debug|Win32.ActiveCfg = Debug|Win32
		{506359C3-EAFC-475B-A048-2D7FAC6ACD2E}.Debug|Win32.Build.0 = Debug|Win32
		{506359C3-EAFC-475B-A048-2D7FAC6ACD2E}.Release|Win32.ActiveCfg = Realse|Win32
		{506359C3-EAFC-475B-A048-2D7FAC6ACD2E}.Release|Win32.Build.0 = Realse|Win32
		{506359C3-EAFC-475B-A048-2D7FAC6ACD2E}.ReleaseTest|Win32.ActiveCfg = Release|Win32
		{506359C3-EAFC-475B-A048-2D7FAC6ACD2E}.ReleaseTest|Win32.Build.0 = Release|Win32
		{6B8CCD1E-79B7-4711-B598-EFC7725C4714}.Debug|Win32.ActiveCfg = Debug|Win32
		{6B8CCD1E-79B7-4711-B598-EFC7725C4714}.Debug|Win32.Build.0 = Debug|Win32
		{6B8CCD1E-79B7-4711-B598-EFC7725C4714}.Release|Win32.ActiveCfg = Realse|Win32
		{6B8CCD1E-79B7-4711-B598-EFC7725C4714}.Release|Win32.Build.0 = Realse|Win32
		{6B8CCD1E-79B7-4711-B598-EFC7725C4714}.ReleaseTest|Win32.ActiveCfg = Release|Win32
		{6B8CCD1E-79B7-4711-B598-EFC7725C4714}.ReleaseTest|Win32.Build.0 = Release|Win32
		{42C44747-0502-4B11-A35C-FB0AB6186550}.Debug|Win32.ActiveCfg = Debug|Win32
		{42C44747-0502-4B11-A35C-FB0AB6186550}.Debug|Win32.Build.0 = Debug|Win32
		{42C44747-0502-4B11-A35C-FB0AB6186550}.Release|Win32.ActiveCfg = Realse|Win32
		{42C44747-0502-4B11-A35C-FB0AB6186550}.Release|Win32.Build.0 = Realse|Win32
		{42C44747-0502-4B11-A35C-FB0AB6186550}.ReleaseTest|Win32.ActiveCfg = Release|Win32
		{42C44747-0502-4B11-A35C-FB0AB6186550}.ReleaseTest|Win32.Build.0 = Release|Win32
		{1D3541CF-4D46-4FBE-8777-95DA86BD4985}.Debug|Win32.ActiveCfg = Debug|Win32
		{1D3541CF-4D46-4FBE-8777-95DA86BD4985}.Debug|Win32.Build.0 = Debug|Win32
		{1D3541CF-4D46-4FBE-8777-95DA86BD4985}.Release|Win32.ActiveCfg = Realse|Win32
		{1D3541CF-4D46-4FBE-8777-95DA86BD4985}.Release|Win32.Build.0 = Realse|Win32
		{1D3541CF-4D46-4FBE-8777-95DA86BD4985}.ReleaseTest|Win32.ActiveCfg = Release|Win32
		{1D3541CF-4D46-4FBE-8777-95DA86BD4985}.ReleaseTest|Win32.Build.0 = Release|Win32
		{47741A76-F2E1-4403-8643-AD92F8486A90}.Debug|Win32.ActiveCfg = Debug|Win32
		{47741A76-F2E1-4403-8643-AD92F8486A90}.Debug|Win32.Build.0 = Debug|Win32
		{47741A76-F2E1-4403-8643-AD92F8486A90}.Release|Win32.ActiveCfg = Realse|Win32
		{47741A76-F2E1-4403-8643-AD92F8486A90}.Release|Win32.Build.0 = Realse|Win32
		{47741A76-F2E1-4403-8643-AD92F8486A90}.ReleaseTest|Win32.ActiveCfg = Release|Win32
		{47741A76-F2E1-4403-8643-AD92F8486A90}.ReleaseTest|Win32.Build.0 = Release|Win32
		{6D4FBE12-3B5E-4BE7-A20A-59FEA6698E2B}.Debug|Win32.ActiveCfg = Debug|Win32
		{6D4FBE12-3B5E-4BE7-A20A-59FEA6698E2B}.Debug|Win32.Build.0 = Debug|Win32
		{6D4FBE12-3B5E-4BE7-A20A-59FEA6698E2B}.Release|Win32.ActiveCfg = Realse|Win32
		{6D4FBE12-3B5E-4BE7-A20A-59FEA6698E2B}.Release|Win32.Build.0 = Realse|Win32
		{6D4FBE12-3B5E-4BE7-A20A-59FEA6698E2B}.ReleaseTest|Win32.ActiveCfg = Release|Win32
		{6D4FBE12-3B5E-4BE7-A20A-59FEA6698E2B}.ReleaseTest|Win32.Build.0 = Release|Win32
		{D24B944D-D6AD-4D99-9AE8-37FE6BBFFEFD}.Debug|Win32.ActiveCfg = Debug|Win32
		{D24B944D-D6AD-4D99-9AE8-37FE6BBFFEFD}.Debug|Win32.Build.0 = Debug|Win32
		{D24B944D-D6AD-4D99-9AE8-37FE6BBFFEFD}.Release|Win32.ActiveCfg = Realse|Win32
		{D24B944D-D6AD-4D99-9AE8-37FE6BBFFEFD}.Release|Win32.Build.0 = Realse|Win32
		{D24B944D-D6AD-4D99-9AE8-37FE6BBFFEFD}.ReleaseTest|Win32.ActiveCfg = Release|Win32
		{D24B944D-D6AD-4D99-9AE8-37FE6BBFFEFD}.ReleaseTest|Win32.Build.0 = Release|Win32
		{DC03E1FE-24C0-4CAF-8253-F0EBE2CAF458}.Debug|Win32.ActiveCfg = Debug|Win32
		{DC03E1FE-24C0-4CAF-8253-F0EBE2CAF458}.Debug|Win32.Build.0 = Debug|Win32
		{DC03E1FE-24C0-4CAF-8253-F0EBE2CAF458}.Release|Win32.ActiveCfg = Realse|Win32
		{DC03E1FE-24C0-4CAF-8253-F0EBE2CAF458}.Release|Win32.Build.0 = Realse|Win32
		{DC03E1FE-24C0-4CAF-8253-F0EBE2CAF458}.ReleaseTest|Win32.ActiveCfg = Release|Win32
		{DC03E1FE-24C0-4CAF-8253-F0EBE2CAF458}.ReleaseTest|Win32.Build.0 = Release|Win32
		{C85DF2CE-2DCD-4D80-9095-535F94F1E6BC}.Debug|Win32.ActiveCfg = Debug|Win32
		{C85DF2CE-2DCD-4D80-9095-535F94F1E6BC}.Debug|Win32.Build.0 = Debug|Win32
		{C85DF2CE-2DCD-4D80-9095-535F94F1E6BC}.Release|Win32.ActiveCfg = Realse|Win32
		{C85DF2CE-2DCD-4D80-9095-535F94F1E6BC}.Release|Win32.Build.0 = Realse|Win32
		{C85DF2CE-2DCD-4D80-9095-535F94F1E6BC}.ReleaseTest|Win32.ActiveCfg = Release|Win32
		{C85DF2CE-2DCD-4D80-9095-535F94F1E6BC}.ReleaseTest|Win32.Build.0 = Release|Win32
		{3666B1DA-F69C-4E79-8AD7-1EC1673DEE52}.Debug|Win32.ActiveCfg = Debug|Win32
		{3666B1DA-F69C-4E79-8AD7-1EC1673DEE52}.Debug|Win32.Build.0 = Debug|Win32
		{3666B1DA-F69C-4E79-8AD7-1EC1673DEE52}.Release|Win32.ActiveCfg = Realse|Win32
		{3666B1DA-F69C-4E79-8AD7-1EC1673DEE52}.Release|Win32.Build.0 = Realse|Win32
		{3666B1DA-F69C-4E79-8AD7-1EC1673DEE52}.ReleaseTest|Win32.ActiveCfg = Release|Win32
		{3666B1DA-F69C-4E79-8AD7-1EC1673DEE52}.ReleaseTest|Win32.Build.0 = Release|Win32
		{D29B39F7-CC77-4FCF-B348-814CCDADE8A4}.Debug|Win32.ActiveCfg = Debug|Win32
		{D29B39F7-CC77-4FCF-B348-814CCDADE8A4}.Debug|Win32.Build.0 = Debug|Win32
		{D29B39F7-CC77-4FCF-B348-814CCDADE8A4}.Release|Win32.ActiveCfg = Realse|Win32
		{D29B39F7-CC77-4FCF-B348-814CCDADE8A4}.Release|Win32.Build.0 = Realse|Win32
		{D29B39F7-CC77-4FCF-B348-814CCDADE8A4}.ReleaseTest|Win32.ActiveCfg = Release|Win32
		{D29B39F7-CC77-4FCF-B348-814CCDADE8A4}.ReleaseTest|Win32.Build.0 = Release|Win32
		{E2705FD5-6D31-4540-8352-6974059959A9}.Debug|Win32.ActiveCfg = Debug|Win32
		{E2705FD5-6D31-4540-8352-6974059959A9}.Debug|Win32.Build.0 = Debug|Win32
		{E2705FD5-6D31-4540-8352-6974059959A9}.Release|Win32.ActiveCfg = Realse|Win32
		{E2705FD5-6D31-4540-8352-6974059959A9}.Release|Win32.Build.0 = Realse|Win32
		{E2705FD5-6D31-4540-8352-6974059959A9}.ReleaseTest|Win32.ActiveCfg = Release|Win32
		{E2705FD5-6D31-4540-8352-6974059959A9}.ReleaseTest|Win32.Build.0 = Release|Win32
		{D6622FC6-989F-495D-B94C-C3C218187BAC}.Debug|Win32.ActiveCfg = Debug|Win32
		{D6622FC6-989F-495D-B94C-C3C218187BAC}.Debug|Win32.Build.0 = Debug|Win32
		{D6622FC6-989F-495D-B94C-C3C218187BAC}.Release|Win32.ActiveCfg = Realse|Win32
		{D6622FC6-989F-495D-B94C-C3C218187BAC}.Release|Win32.Build.0 = Realse|Win32
		{D6622FC6-989F-495D-B94C-C3C218187BAC}.ReleaseTest|Win32.ActiveCfg = Release|Win32
		{D6622FC6-989F-495D-B94C-C3C218187BAC}.ReleaseTest|Win32.Build.0 = Release|Win32
		{21071E84-86A4-428E-917F-4F5949F49AC8}.Debug|Win32.ActiveCfg = Debug|Win32
		{21071E84-86A4-428E-917F-4F5949F49AC8}.Debug|Win32.Build.0 = Debug|Win32
		{21071E84-86A4-428E-917F-4F5949F49AC8}.Release|Win32.ActiveCfg = Realse|Win32
		{21071E84-86A4-428E-917F-4F5949F49AC8}.Release|Win32.Build.0 = Realse|Win32
		{21071E84-86A4-428E-917F-4F5949F49AC8}.ReleaseTest|Win32.ActiveCfg = Release|Win32
		{21071E84-86A4-428E-917F-4F5949F49AC8}.ReleaseTest|Win32.Build.0 = Release|Win32
		{870DF0E6-6853-4FC3-AED5-1AD200A59BC4}.Debug|Win32.ActiveCfg = Debug|Win32
		{870DF0E6-6853-4FC3-AED5-1AD200A59BC4}.Debug|Win32.Build.0 = Debug|Win32
		{870DF0E6-6853-4FC3-AED5-1AD200A59BC4}.Release|Win32.ActiveCfg = Realse|Win32
		{870DF0E6-6853-4FC3-AED5-1AD200A59BC4}.Release|Win32.Build.0 = Realse|Win32
		{870DF0E6-6853-4FC3-AED5-1AD200A59BC4}.ReleaseTest|Win32.ActiveCfg = Release|Win32
		{870DF0E6-6853-4FC3-AED5-1AD200A59BC4}.ReleaseTest|Win32.Build.0 = Release|Win32
		{644EFE92-A26C-40AB-B173-5E7B80E29EEF}.Debug|Win32.ActiveCfg = Debug|Win32
		{644EFE92-A26C-40AB-B173-5E7B80E29EEF}.Debug|Win32.Build.0 = Debug|Win32
		{644EFE92-A26C-40AB-B173-5E7B80E29EEF}.Release|Win32.ActiveCfg = Realse|Win32
		{644EFE92-A26C-40AB-B173-5E7B80E29EEF}.Release|Win32.Build.0 = Realse|Win32
		{644EFE92-A26C-40AB-B173-5E7B80E29EEF}.ReleaseTest|Win32.ActiveCfg = Release|Win32
		{644EFE92-A26C-40AB-B173-5E7B80E29EEF}.ReleaseTest|Win32.Build.0 = Release|Win32
		{0B6D2FDD-ECB8-4649-A361-79938428CDFA}.Debug|Win32.ActiveCfg = Debug|Win32
		{0B6D2FDD-ECB8-4649-A361-79938428CDFA}.Debug|Win32.Build.0 = Debug|Win32
		{0B6D2FDD-ECB8-4649-A361-79938428CDFA}.Release|Win32.ActiveCfg = Realse|Win32
		{0B6D2FDD-ECB8-4649-A361-79938428CDFA}.Release|Win32.Build.0 = Realse|Win32
		{0B6D2FDD-ECB8-4649-A361-79938428CDFA}.ReleaseTest|Win32.ActiveCfg = Release|Win32
		{0B6D2FDD-ECB8-4649-A361-79938428CDFA}.ReleaseTest|Win32.Build.0 = Release|Win32
	EndGlobalSection
	GlobalSection(SolutionProperties) = preSolution
		HideSolutionNode = FALSE
	EndGlobalSection
	GlobalSection(NestedProjects) = preSolution
		{42C44747-0502-4B11-A35C-FB0AB6186550} = {F398211B-D19F-42DD-A026-E8A597734ECF}
		{1D3541CF-4D46-4FBE-8777-95DA86BD4985} = {F398211B-D19F-42DD-A026-E8A597734ECF}
		{47741A76-F2E1-4403-8643-AD92F8486A90} = {F398211B-D19F-42DD-A026-E8A597734ECF}
		{6D4FBE12-3B5E-4BE7-A20A-59FEA6698E2B} = {F398211B-D19F-42DD-A026-E8A597734ECF}
		{D24B944D-D6AD-4D99-9AE8-37FE6BBFFEFD} = {F398211B-D19F-42DD-A026-E8A597734ECF}
		{DC03E1FE-24C0-4CAF-8253-F0EBE2CAF458} = {F398211B-D19F-42DD-A026-E8A597734ECF}
		{C85DF2CE-2DCD-4D80-9095-535F94F1E6BC} = {F398211B-D19F-42DD-A026-E8A597734ECF}
		{3666B1DA-F69C-4E79-8AD7-1EC1673DEE52} = {F398211B-D19F-42DD-A026-E8A597734ECF}
		{D29B39F7-CC77-4FCF-B348-814CCDADE8A4} = {F398211B-D19F-42DD-A026-E8A597734ECF}
		{E2705FD5-6D31-4540-8352-6974059959A9} = {F398211B-D19F-42DD-A026-E8A597734ECF}
		{D6622FC6-989F-495D-B94C-C3C218187BAC} = {F398211B-D19F-42DD-A026-E8A597734ECF}
		{21071E84-86A4-428E-917F-4F5949F49AC8} = {F398211B-D19F-42DD-A026-E8A597734ECF}
		{870DF0E6-6853-4FC3-AED5-1AD200A59BC4} = {F398211B-D19F-42DD-A026-E8A597734ECF}
		{644EFE92-A26C-40AB-B173-5E7B80E29EEF} = {F398211B-D19F-42DD-A026-E8A597734ECF}
		{0B6D2FDD-ECB8-4649-A361-79938428CDFA} = {F398211B-D19F-42DD-A026-E8A597734ECF}
	EndGlobalSection
EndGlobal
